// !$*UTF8*$!
{
	archiveVersion = 1;
	classes = {
	};
	objectVersion = 56;
	objects = {

/* Begin PBXBuildFile section */
		66A7AAF429C6F6EF001CA27B /* AppDelegate.swift in Sources */ = {isa = PBXBuildFile; fileRef = 66A7AAF329C6F6EF001CA27B /* AppDelegate.swift */; };
		66A7AAF629C6F6EF001CA27B /* SceneDelegate.swift in Sources */ = {isa = PBXBuildFile; fileRef = 66A7AAF529C6F6EF001CA27B /* SceneDelegate.swift */; };
		66A7AAF829C6F6EF001CA27B /* MainTabbarController.swift in Sources */ = {isa = PBXBuildFile; fileRef = 66A7AAF729C6F6EF001CA27B /* MainTabbarController.swift */; };
		66A7AAFB29C6F6EF001CA27B /* Main.storyboard in Resources */ = {isa = PBXBuildFile; fileRef = 66A7AAF929C6F6EF001CA27B /* Main.storyboard */; };
		66A7AAFD29C6F6F5001CA27B /* Assets.xcassets in Resources */ = {isa = PBXBuildFile; fileRef = 66A7AAFC29C6F6F5001CA27B /* Assets.xcassets */; };
		66A7AB0029C6F6F5001CA27B /* LaunchScreen.storyboard in Resources */ = {isa = PBXBuildFile; fileRef = 66A7AAFE29C6F6F5001CA27B /* LaunchScreen.storyboard */; };
		66A7AB0B29C6F6F6001CA27B /* AppstoreTests.swift in Sources */ = {isa = PBXBuildFile; fileRef = 66A7AB0A29C6F6F6001CA27B /* AppstoreTests.swift */; };
		66A7AB1529C6F6F6001CA27B /* AppstoreUITests.swift in Sources */ = {isa = PBXBuildFile; fileRef = 66A7AB1429C6F6F6001CA27B /* AppstoreUITests.swift */; };
		66A7AB1729C6F6F6001CA27B /* AppstoreUITestsLaunchTests.swift in Sources */ = {isa = PBXBuildFile; fileRef = 66A7AB1629C6F6F6001CA27B /* AppstoreUITestsLaunchTests.swift */; };
		66A7AB2629C6F977001CA27B /* SessionManager.swift in Sources */ = {isa = PBXBuildFile; fileRef = 66A7AB2529C6F977001CA27B /* SessionManager.swift */; };
		66A7AB2A29C6F999001CA27B /* SnapKit in Frameworks */ = {isa = PBXBuildFile; productRef = 66A7AB2929C6F999001CA27B /* SnapKit */; };
		66A7AB3329C6FA09001CA27B /* APIType.swift in Sources */ = {isa = PBXBuildFile; fileRef = 66A7AB3229C6FA09001CA27B /* APIType.swift */; };
		66A7AB3929C6FC5D001CA27B /* SearchMainViewController.swift in Sources */ = {isa = PBXBuildFile; fileRef = 66A7AB3829C6FC5D001CA27B /* SearchMainViewController.swift */; };
		66A7AB3C29C6FC75001CA27B /* BaseViewController.swift in Sources */ = {isa = PBXBuildFile; fileRef = 66A7AB3B29C6FC75001CA27B /* BaseViewController.swift */; };
		66A7AB3F29C72492001CA27B /* AppCoordinator.swift in Sources */ = {isa = PBXBuildFile; fileRef = 66A7AB3E29C72492001CA27B /* AppCoordinator.swift */; };
		66A7AB4829C7323A001CA27B /* RecentTermTableViewCell.swift in Sources */ = {isa = PBXBuildFile; fileRef = 66A7AB4729C7323A001CA27B /* RecentTermTableViewCell.swift */; };
		66A7AB4A29C73247001CA27B /* BaseTableViewCell.swift in Sources */ = {isa = PBXBuildFile; fileRef = 66A7AB4929C73247001CA27B /* BaseTableViewCell.swift */; };
		66A7AB4C29C733F5001CA27B /* RecentHeaderView.swift in Sources */ = {isa = PBXBuildFile; fileRef = 66A7AB4B29C733F5001CA27B /* RecentHeaderView.swift */; };
		66A7AB4E29C7388D001CA27B /* SearchResultResponse.swift in Sources */ = {isa = PBXBuildFile; fileRef = 66A7AB4D29C7388D001CA27B /* SearchResultResponse.swift */; };
		66A7AB5229C738BF001CA27B /* SearchAPI.swift in Sources */ = {isa = PBXBuildFile; fileRef = 66A7AB5129C738BF001CA27B /* SearchAPI.swift */; };
		66A7AB5429C73980001CA27B /* SearchService.swift in Sources */ = {isa = PBXBuildFile; fileRef = 66A7AB5329C73980001CA27B /* SearchService.swift */; };
		66A7AB5729C739C9001CA27B /* SearchParameter.swift in Sources */ = {isa = PBXBuildFile; fileRef = 66A7AB5629C739C9001CA27B /* SearchParameter.swift */; };
		66A7AB5C29C73AAE001CA27B /* SearchServiceTest.swift in Sources */ = {isa = PBXBuildFile; fileRef = 66A7AB5B29C73AAE001CA27B /* SearchServiceTest.swift */; };
		66A7AB5F29C73B81001CA27B /* RxBlocking in Frameworks */ = {isa = PBXBuildFile; productRef = 66A7AB5E29C73B81001CA27B /* RxBlocking */; };
		66A7AB6129C73B81001CA27B /* RxCocoa in Frameworks */ = {isa = PBXBuildFile; productRef = 66A7AB6029C73B81001CA27B /* RxCocoa */; };
		66A7AB6329C73B81001CA27B /* RxRelay in Frameworks */ = {isa = PBXBuildFile; productRef = 66A7AB6229C73B81001CA27B /* RxRelay */; };
		66A7AB6529C73B81001CA27B /* RxSwift in Frameworks */ = {isa = PBXBuildFile; productRef = 66A7AB6429C73B81001CA27B /* RxSwift */; };
		66A7AB6729C73BB5001CA27B /* RxBlocking in Frameworks */ = {isa = PBXBuildFile; productRef = 66A7AB6629C73BB5001CA27B /* RxBlocking */; };
		66A7AB6929C73BC3001CA27B /* RxCocoa in Frameworks */ = {isa = PBXBuildFile; productRef = 66A7AB6829C73BC3001CA27B /* RxCocoa */; };
/* End PBXBuildFile section */

/* Begin PBXContainerItemProxy section */
		66A7AB0729C6F6F6001CA27B /* PBXContainerItemProxy */ = {
			isa = PBXContainerItemProxy;
			containerPortal = 66A7AAE829C6F6EE001CA27B /* Project object */;
			proxyType = 1;
			remoteGlobalIDString = 66A7AAEF29C6F6EE001CA27B;
			remoteInfo = Appstore;
		};
		66A7AB1129C6F6F6001CA27B /* PBXContainerItemProxy */ = {
			isa = PBXContainerItemProxy;
			containerPortal = 66A7AAE829C6F6EE001CA27B /* Project object */;
			proxyType = 1;
			remoteGlobalIDString = 66A7AAEF29C6F6EE001CA27B;
			remoteInfo = Appstore;
		};
/* End PBXContainerItemProxy section */

/* Begin PBXFileReference section */
		66A7AAF029C6F6EE001CA27B /* Appstore.app */ = {isa = PBXFileReference; explicitFileType = wrapper.application; includeInIndex = 0; path = Appstore.app; sourceTree = BUILT_PRODUCTS_DIR; };
		66A7AAF329C6F6EF001CA27B /* AppDelegate.swift */ = {isa = PBXFileReference; lastKnownFileType = sourcecode.swift; path = AppDelegate.swift; sourceTree = "<group>"; };
		66A7AAF529C6F6EF001CA27B /* SceneDelegate.swift */ = {isa = PBXFileReference; lastKnownFileType = sourcecode.swift; path = SceneDelegate.swift; sourceTree = "<group>"; };
		66A7AAF729C6F6EF001CA27B /* MainTabbarController.swift */ = {isa = PBXFileReference; lastKnownFileType = sourcecode.swift; path = MainTabbarController.swift; sourceTree = "<group>"; };
		66A7AAFA29C6F6EF001CA27B /* Base */ = {isa = PBXFileReference; lastKnownFileType = file.storyboard; name = Base; path = Base.lproj/Main.storyboard; sourceTree = "<group>"; };
		66A7AAFC29C6F6F5001CA27B /* Assets.xcassets */ = {isa = PBXFileReference; lastKnownFileType = folder.assetcatalog; path = Assets.xcassets; sourceTree = "<group>"; };
		66A7AAFF29C6F6F5001CA27B /* Base */ = {isa = PBXFileReference; lastKnownFileType = file.storyboard; name = Base; path = Base.lproj/LaunchScreen.storyboard; sourceTree = "<group>"; };
		66A7AB0129C6F6F5001CA27B /* Info.plist */ = {isa = PBXFileReference; lastKnownFileType = text.plist.xml; path = Info.plist; sourceTree = "<group>"; };
		66A7AB0629C6F6F6001CA27B /* AppstoreTests.xctest */ = {isa = PBXFileReference; explicitFileType = wrapper.cfbundle; includeInIndex = 0; path = AppstoreTests.xctest; sourceTree = BUILT_PRODUCTS_DIR; };
		66A7AB0A29C6F6F6001CA27B /* AppstoreTests.swift */ = {isa = PBXFileReference; lastKnownFileType = sourcecode.swift; path = AppstoreTests.swift; sourceTree = "<group>"; };
		66A7AB1029C6F6F6001CA27B /* AppstoreUITests.xctest */ = {isa = PBXFileReference; explicitFileType = wrapper.cfbundle; includeInIndex = 0; path = AppstoreUITests.xctest; sourceTree = BUILT_PRODUCTS_DIR; };
		66A7AB1429C6F6F6001CA27B /* AppstoreUITests.swift */ = {isa = PBXFileReference; lastKnownFileType = sourcecode.swift; path = AppstoreUITests.swift; sourceTree = "<group>"; };
		66A7AB1629C6F6F6001CA27B /* AppstoreUITestsLaunchTests.swift */ = {isa = PBXFileReference; lastKnownFileType = sourcecode.swift; path = AppstoreUITestsLaunchTests.swift; sourceTree = "<group>"; };
		66A7AB2529C6F977001CA27B /* SessionManager.swift */ = {isa = PBXFileReference; lastKnownFileType = sourcecode.swift; path = SessionManager.swift; sourceTree = "<group>"; };
		66A7AB3229C6FA09001CA27B /* APIType.swift */ = {isa = PBXFileReference; lastKnownFileType = sourcecode.swift; path = APIType.swift; sourceTree = "<group>"; };
		66A7AB3829C6FC5D001CA27B /* SearchMainViewController.swift */ = {isa = PBXFileReference; lastKnownFileType = sourcecode.swift; path = SearchMainViewController.swift; sourceTree = "<group>"; };
		66A7AB3B29C6FC75001CA27B /* BaseViewController.swift */ = {isa = PBXFileReference; lastKnownFileType = sourcecode.swift; path = BaseViewController.swift; sourceTree = "<group>"; };
		66A7AB3E29C72492001CA27B /* AppCoordinator.swift */ = {isa = PBXFileReference; lastKnownFileType = sourcecode.swift; path = AppCoordinator.swift; sourceTree = "<group>"; };
		66A7AB4729C7323A001CA27B /* RecentTermTableViewCell.swift */ = {isa = PBXFileReference; lastKnownFileType = sourcecode.swift; path = RecentTermTableViewCell.swift; sourceTree = "<group>"; };
		66A7AB4929C73247001CA27B /* BaseTableViewCell.swift */ = {isa = PBXFileReference; lastKnownFileType = sourcecode.swift; path = BaseTableViewCell.swift; sourceTree = "<group>"; };
		66A7AB4B29C733F5001CA27B /* RecentHeaderView.swift */ = {isa = PBXFileReference; lastKnownFileType = sourcecode.swift; path = RecentHeaderView.swift; sourceTree = "<group>"; };
		66A7AB4D29C7388D001CA27B /* SearchResultResponse.swift */ = {isa = PBXFileReference; lastKnownFileType = sourcecode.swift; path = SearchResultResponse.swift; sourceTree = "<group>"; };
		66A7AB5129C738BF001CA27B /* SearchAPI.swift */ = {isa = PBXFileReference; lastKnownFileType = sourcecode.swift; path = SearchAPI.swift; sourceTree = "<group>"; };
		66A7AB5329C73980001CA27B /* SearchService.swift */ = {isa = PBXFileReference; lastKnownFileType = sourcecode.swift; path = SearchService.swift; sourceTree = "<group>"; };
		66A7AB5629C739C9001CA27B /* SearchParameter.swift */ = {isa = PBXFileReference; lastKnownFileType = sourcecode.swift; path = SearchParameter.swift; sourceTree = "<group>"; };
		66A7AB5B29C73AAE001CA27B /* SearchServiceTest.swift */ = {isa = PBXFileReference; lastKnownFileType = sourcecode.swift; path = SearchServiceTest.swift; sourceTree = "<group>"; };
/* End PBXFileReference section */

/* Begin PBXFrameworksBuildPhase section */
		66A7AAED29C6F6EE001CA27B /* Frameworks */ = {
			isa = PBXFrameworksBuildPhase;
			buildActionMask = 2147483647;
			files = (
				66A7AB6129C73B81001CA27B /* RxCocoa in Frameworks */,
				66A7AB2A29C6F999001CA27B /* SnapKit in Frameworks */,
				66A7AB6529C73B81001CA27B /* RxSwift in Frameworks */,
				66A7AB6329C73B81001CA27B /* RxRelay in Frameworks */,
				66A7AB5F29C73B81001CA27B /* RxBlocking in Frameworks */,
			);
			runOnlyForDeploymentPostprocessing = 0;
		};
		66A7AB0329C6F6F6001CA27B /* Frameworks */ = {
			isa = PBXFrameworksBuildPhase;
			buildActionMask = 2147483647;
			files = (
				66A7AB6929C73BC3001CA27B /* RxCocoa in Frameworks */,
				66A7AB6729C73BB5001CA27B /* RxBlocking in Frameworks */,
			);
			runOnlyForDeploymentPostprocessing = 0;
		};
		66A7AB0D29C6F6F6001CA27B /* Frameworks */ = {
			isa = PBXFrameworksBuildPhase;
			buildActionMask = 2147483647;
			files = (
			);
			runOnlyForDeploymentPostprocessing = 0;
		};
/* End PBXFrameworksBuildPhase section */

/* Begin PBXGroup section */
		66A7AAE729C6F6EE001CA27B = {
			isa = PBXGroup;
			children = (
				66A7AAF229C6F6EE001CA27B /* Appstore */,
				66A7AB0929C6F6F6001CA27B /* AppstoreTests */,
				66A7AB1329C6F6F6001CA27B /* AppstoreUITests */,
				66A7AAF129C6F6EE001CA27B /* Products */,
				66A7AB5829C73A8D001CA27B /* Frameworks */,
			);
			sourceTree = "<group>";
		};
		66A7AAF129C6F6EE001CA27B /* Products */ = {
			isa = PBXGroup;
			children = (
				66A7AAF029C6F6EE001CA27B /* Appstore.app */,
				66A7AB0629C6F6F6001CA27B /* AppstoreTests.xctest */,
				66A7AB1029C6F6F6001CA27B /* AppstoreUITests.xctest */,
			);
			name = Products;
			sourceTree = "<group>";
		};
		66A7AAF229C6F6EE001CA27B /* Appstore */ = {
			isa = PBXGroup;
			children = (
				66A7AB2329C6F955001CA27B /* AppSetting */,
				66A7AB3D29C72476001CA27B /* Coordinator */,
				66A7AB2429C6F96A001CA27B /* Network */,
				66A7AB4F29C738A3001CA27B /* Service */,
				66A7AB3529C6FB2F001CA27B /* ViewModel */,
				66A7AB3429C6FB1C001CA27B /* Presenter */,
				66A7AAF929C6F6EF001CA27B /* Main.storyboard */,
				66A7AAFC29C6F6F5001CA27B /* Assets.xcassets */,
				66A7AAFE29C6F6F5001CA27B /* LaunchScreen.storyboard */,
				66A7AB0129C6F6F5001CA27B /* Info.plist */,
			);
			path = Appstore;
			sourceTree = "<group>";
		};
		66A7AB0929C6F6F6001CA27B /* AppstoreTests */ = {
			isa = PBXGroup;
			children = (
				66A7AB0A29C6F6F6001CA27B /* AppstoreTests.swift */,
				66A7AB5B29C73AAE001CA27B /* SearchServiceTest.swift */,
			);
			path = AppstoreTests;
			sourceTree = "<group>";
		};
		66A7AB1329C6F6F6001CA27B /* AppstoreUITests */ = {
			isa = PBXGroup;
			children = (
				66A7AB1429C6F6F6001CA27B /* AppstoreUITests.swift */,
				66A7AB1629C6F6F6001CA27B /* AppstoreUITestsLaunchTests.swift */,
			);
			path = AppstoreUITests;
			sourceTree = "<group>";
		};
		66A7AB2329C6F955001CA27B /* AppSetting */ = {
			isa = PBXGroup;
			children = (
				66A7AAF329C6F6EF001CA27B /* AppDelegate.swift */,
				66A7AAF529C6F6EF001CA27B /* SceneDelegate.swift */,
			);
			path = AppSetting;
			sourceTree = "<group>";
		};
		66A7AB2429C6F96A001CA27B /* Network */ = {
			isa = PBXGroup;
			children = (
				66A7AB2529C6F977001CA27B /* SessionManager.swift */,
				66A7AB3229C6FA09001CA27B /* APIType.swift */,
				66A7AB2729C6F97B001CA27B /* Model */,
				66A7AB5029C738AF001CA27B /* API */,
			);
			path = Network;
			sourceTree = "<group>";
		};
		66A7AB2729C6F97B001CA27B /* Model */ = {
			isa = PBXGroup;
			children = (
				66A7AB4D29C7388D001CA27B /* SearchResultResponse.swift */,
			);
			path = Model;
			sourceTree = "<group>";
		};
		66A7AB3429C6FB1C001CA27B /* Presenter */ = {
			isa = PBXGroup;
			children = (
				66A7AB3A29C6FC6C001CA27B /* Base */,
				66A7AB3629C6FC33001CA27B /* Tabbar */,
				66A7AB3729C6FC3B001CA27B /* Search */,
			);
			path = Presenter;
			sourceTree = "<group>";
		};
		66A7AB3529C6FB2F001CA27B /* ViewModel */ = {
			isa = PBXGroup;
			children = (
			);
			path = ViewModel;
			sourceTree = "<group>";
		};
		66A7AB3629C6FC33001CA27B /* Tabbar */ = {
			isa = PBXGroup;
			children = (
				66A7AAF729C6F6EF001CA27B /* MainTabbarController.swift */,
			);
			path = Tabbar;
			sourceTree = "<group>";
		};
		66A7AB3729C6FC3B001CA27B /* Search */ = {
			isa = PBXGroup;
			children = (
				66A7AB4629C73224001CA27B /* Cell */,
				66A7AB3829C6FC5D001CA27B /* SearchMainViewController.swift */,
			);
			path = Search;
			sourceTree = "<group>";
		};
		66A7AB3A29C6FC6C001CA27B /* Base */ = {
			isa = PBXGroup;
			children = (
				66A7AB3B29C6FC75001CA27B /* BaseViewController.swift */,
				66A7AB4929C73247001CA27B /* BaseTableViewCell.swift */,
			);
			path = Base;
			sourceTree = "<group>";
		};
		66A7AB3D29C72476001CA27B /* Coordinator */ = {
			isa = PBXGroup;
			children = (
				66A7AB3E29C72492001CA27B /* AppCoordinator.swift */,
			);
			path = Coordinator;
			sourceTree = "<group>";
		};
		66A7AB4629C73224001CA27B /* Cell */ = {
			isa = PBXGroup;
			children = (
				66A7AB4729C7323A001CA27B /* RecentTermTableViewCell.swift */,
				66A7AB4B29C733F5001CA27B /* RecentHeaderView.swift */,
			);
			path = Cell;
			sourceTree = "<group>";
		};
		66A7AB4F29C738A3001CA27B /* Service */ = {
			isa = PBXGroup;
			children = (
				66A7AB5329C73980001CA27B /* SearchService.swift */,
			);
			path = Service;
			sourceTree = "<group>";
		};
		66A7AB5029C738AF001CA27B /* API */ = {
			isa = PBXGroup;
			children = (
				66A7AB5529C739C3001CA27B /* Search */,
			);
			path = API;
			sourceTree = "<group>";
		};
		66A7AB5529C739C3001CA27B /* Search */ = {
			isa = PBXGroup;
			children = (
				66A7AB5129C738BF001CA27B /* SearchAPI.swift */,
				66A7AB5629C739C9001CA27B /* SearchParameter.swift */,
			);
			path = Search;
			sourceTree = "<group>";
		};
		66A7AB5829C73A8D001CA27B /* Frameworks */ = {
			isa = PBXGroup;
			children = (
			);
			name = Frameworks;
			sourceTree = "<group>";
		};
/* End PBXGroup section */

/* Begin PBXNativeTarget section */
		66A7AAEF29C6F6EE001CA27B /* Appstore */ = {
			isa = PBXNativeTarget;
			buildConfigurationList = 66A7AB1A29C6F6F6001CA27B /* Build configuration list for PBXNativeTarget "Appstore" */;
			buildPhases = (
				66A7AAEC29C6F6EE001CA27B /* Sources */,
				66A7AAED29C6F6EE001CA27B /* Frameworks */,
				66A7AAEE29C6F6EE001CA27B /* Resources */,
			);
			buildRules = (
			);
			dependencies = (
			);
			name = Appstore;
			packageProductDependencies = (
				66A7AB2929C6F999001CA27B /* SnapKit */,
				66A7AB5E29C73B81001CA27B /* RxBlocking */,
				66A7AB6029C73B81001CA27B /* RxCocoa */,
				66A7AB6229C73B81001CA27B /* RxRelay */,
				66A7AB6429C73B81001CA27B /* RxSwift */,
			);
			productName = Appstore;
			productReference = 66A7AAF029C6F6EE001CA27B /* Appstore.app */;
			productType = "com.apple.product-type.application";
		};
		66A7AB0529C6F6F6001CA27B /* AppstoreTests */ = {
			isa = PBXNativeTarget;
			buildConfigurationList = 66A7AB1D29C6F6F6001CA27B /* Build configuration list for PBXNativeTarget "AppstoreTests" */;
			buildPhases = (
				66A7AB0229C6F6F6001CA27B /* Sources */,
				66A7AB0329C6F6F6001CA27B /* Frameworks */,
				66A7AB0429C6F6F6001CA27B /* Resources */,
			);
			buildRules = (
			);
			dependencies = (
				66A7AB0829C6F6F6001CA27B /* PBXTargetDependency */,
			);
			name = AppstoreTests;
			packageProductDependencies = (
				66A7AB6629C73BB5001CA27B /* RxBlocking */,
				66A7AB6829C73BC3001CA27B /* RxCocoa */,
			);
			productName = AppstoreTests;
			productReference = 66A7AB0629C6F6F6001CA27B /* AppstoreTests.xctest */;
			productType = "com.apple.product-type.bundle.unit-test";
		};
		66A7AB0F29C6F6F6001CA27B /* AppstoreUITests */ = {
			isa = PBXNativeTarget;
			buildConfigurationList = 66A7AB2029C6F6F6001CA27B /* Build configuration list for PBXNativeTarget "AppstoreUITests" */;
			buildPhases = (
				66A7AB0C29C6F6F6001CA27B /* Sources */,
				66A7AB0D29C6F6F6001CA27B /* Frameworks */,
				66A7AB0E29C6F6F6001CA27B /* Resources */,
			);
			buildRules = (
			);
			dependencies = (
				66A7AB1229C6F6F6001CA27B /* PBXTargetDependency */,
			);
			name = AppstoreUITests;
			productName = AppstoreUITests;
			productReference = 66A7AB1029C6F6F6001CA27B /* AppstoreUITests.xctest */;
			productType = "com.apple.product-type.bundle.ui-testing";
		};
/* End PBXNativeTarget section */

/* Begin PBXProject section */
		66A7AAE829C6F6EE001CA27B /* Project object */ = {
			isa = PBXProject;
			attributes = {
				BuildIndependentTargetsInParallel = 1;
				LastSwiftUpdateCheck = 1420;
				LastUpgradeCheck = 1420;
				TargetAttributes = {
					66A7AAEF29C6F6EE001CA27B = {
						CreatedOnToolsVersion = 14.2;
					};
					66A7AB0529C6F6F6001CA27B = {
						CreatedOnToolsVersion = 14.2;
						TestTargetID = 66A7AAEF29C6F6EE001CA27B;
					};
					66A7AB0F29C6F6F6001CA27B = {
						CreatedOnToolsVersion = 14.2;
						TestTargetID = 66A7AAEF29C6F6EE001CA27B;
					};
				};
			};
			buildConfigurationList = 66A7AAEB29C6F6EE001CA27B /* Build configuration list for PBXProject "Appstore" */;
			compatibilityVersion = "Xcode 14.0";
			developmentRegion = en;
			hasScannedForEncodings = 0;
			knownRegions = (
				en,
				Base,
			);
			mainGroup = 66A7AAE729C6F6EE001CA27B;
			packageReferences = (
				66A7AB2829C6F999001CA27B /* XCRemoteSwiftPackageReference "SnapKit" */,
				66A7AB5D29C73B81001CA27B /* XCRemoteSwiftPackageReference "RxSwift" */,
			);
			productRefGroup = 66A7AAF129C6F6EE001CA27B /* Products */;
			projectDirPath = "";
			projectRoot = "";
			targets = (
				66A7AAEF29C6F6EE001CA27B /* Appstore */,
				66A7AB0529C6F6F6001CA27B /* AppstoreTests */,
				66A7AB0F29C6F6F6001CA27B /* AppstoreUITests */,
			);
		};
/* End PBXProject section */

/* Begin PBXResourcesBuildPhase section */
		66A7AAEE29C6F6EE001CA27B /* Resources */ = {
			isa = PBXResourcesBuildPhase;
			buildActionMask = 2147483647;
			files = (
				66A7AB0029C6F6F5001CA27B /* LaunchScreen.storyboard in Resources */,
				66A7AAFD29C6F6F5001CA27B /* Assets.xcassets in Resources */,
				66A7AAFB29C6F6EF001CA27B /* Main.storyboard in Resources */,
			);
			runOnlyForDeploymentPostprocessing = 0;
		};
		66A7AB0429C6F6F6001CA27B /* Resources */ = {
			isa = PBXResourcesBuildPhase;
			buildActionMask = 2147483647;
			files = (
			);
			runOnlyForDeploymentPostprocessing = 0;
		};
		66A7AB0E29C6F6F6001CA27B /* Resources */ = {
			isa = PBXResourcesBuildPhase;
			buildActionMask = 2147483647;
			files = (
			);
			runOnlyForDeploymentPostprocessing = 0;
		};
/* End PBXResourcesBuildPhase section */

/* Begin PBXSourcesBuildPhase section */
		66A7AAEC29C6F6EE001CA27B /* Sources */ = {
			isa = PBXSourcesBuildPhase;
			buildActionMask = 2147483647;
			files = (
				66A7AB3929C6FC5D001CA27B /* SearchMainViewController.swift in Sources */,
				66A7AB5229C738BF001CA27B /* SearchAPI.swift in Sources */,
				66A7AB5729C739C9001CA27B /* SearchParameter.swift in Sources */,
				66A7AAF829C6F6EF001CA27B /* MainTabbarController.swift in Sources */,
				66A7AB4C29C733F5001CA27B /* RecentHeaderView.swift in Sources */,
				66A7AAF429C6F6EF001CA27B /* AppDelegate.swift in Sources */,
				66A7AB4829C7323A001CA27B /* RecentTermTableViewCell.swift in Sources */,
				66A7AB4E29C7388D001CA27B /* SearchResultResponse.swift in Sources */,
				66A7AB4A29C73247001CA27B /* BaseTableViewCell.swift in Sources */,
				66A7AB2629C6F977001CA27B /* SessionManager.swift in Sources */,
				66A7AB3F29C72492001CA27B /* AppCoordinator.swift in Sources */,
				66A7AAF629C6F6EF001CA27B /* SceneDelegate.swift in Sources */,
				66A7AB5429C73980001CA27B /* SearchService.swift in Sources */,
				66A7AB3C29C6FC75001CA27B /* BaseViewController.swift in Sources */,
				66A7AB3329C6FA09001CA27B /* APIType.swift in Sources */,
			);
			runOnlyForDeploymentPostprocessing = 0;
		};
		66A7AB0229C6F6F6001CA27B /* Sources */ = {
			isa = PBXSourcesBuildPhase;
			buildActionMask = 2147483647;
			files = (
				66A7AB0B29C6F6F6001CA27B /* AppstoreTests.swift in Sources */,
				66A7AB5C29C73AAE001CA27B /* SearchServiceTest.swift in Sources */,
			);
			runOnlyForDeploymentPostprocessing = 0;
		};
		66A7AB0C29C6F6F6001CA27B /* Sources */ = {
			isa = PBXSourcesBuildPhase;
			buildActionMask = 2147483647;
			files = (
				66A7AB1729C6F6F6001CA27B /* AppstoreUITestsLaunchTests.swift in Sources */,
				66A7AB1529C6F6F6001CA27B /* AppstoreUITests.swift in Sources */,
			);
			runOnlyForDeploymentPostprocessing = 0;
		};
/* End PBXSourcesBuildPhase section */

/* Begin PBXTargetDependency section */
		66A7AB0829C6F6F6001CA27B /* PBXTargetDependency */ = {
			isa = PBXTargetDependency;
			target = 66A7AAEF29C6F6EE001CA27B /* Appstore */;
			targetProxy = 66A7AB0729C6F6F6001CA27B /* PBXContainerItemProxy */;
		};
		66A7AB1229C6F6F6001CA27B /* PBXTargetDependency */ = {
			isa = PBXTargetDependency;
			target = 66A7AAEF29C6F6EE001CA27B /* Appstore */;
			targetProxy = 66A7AB1129C6F6F6001CA27B /* PBXContainerItemProxy */;
		};
/* End PBXTargetDependency section */

/* Begin PBXVariantGroup section */
		66A7AAF929C6F6EF001CA27B /* Main.storyboard */ = {
			isa = PBXVariantGroup;
			children = (
				66A7AAFA29C6F6EF001CA27B /* Base */,
			);
			name = Main.storyboard;
			sourceTree = "<group>";
		};
		66A7AAFE29C6F6F5001CA27B /* LaunchScreen.storyboard */ = {
			isa = PBXVariantGroup;
			children = (
				66A7AAFF29C6F6F5001CA27B /* Base */,
			);
			name = LaunchScreen.storyboard;
			sourceTree = "<group>";
		};
/* End PBXVariantGroup section */

/* Begin XCBuildConfiguration section */
		66A7AB1829C6F6F6001CA27B /* Debug */ = {
			isa = XCBuildConfiguration;
			buildSettings = {
				ALWAYS_SEARCH_USER_PATHS = NO;
				CLANG_ANALYZER_NONNULL = YES;
				CLANG_ANALYZER_NUMBER_OBJECT_CONVERSION = YES_AGGRESSIVE;
				CLANG_CXX_LANGUAGE_STANDARD = "gnu++20";
				CLANG_ENABLE_MODULES = YES;
				CLANG_ENABLE_OBJC_ARC = YES;
				CLANG_ENABLE_OBJC_WEAK = YES;
				CLANG_WARN_BLOCK_CAPTURE_AUTORELEASING = YES;
				CLANG_WARN_BOOL_CONVERSION = YES;
				CLANG_WARN_COMMA = YES;
				CLANG_WARN_CONSTANT_CONVERSION = YES;
				CLANG_WARN_DEPRECATED_OBJC_IMPLEMENTATIONS = YES;
				CLANG_WARN_DIRECT_OBJC_ISA_USAGE = YES_ERROR;
				CLANG_WARN_DOCUMENTATION_COMMENTS = YES;
				CLANG_WARN_EMPTY_BODY = YES;
				CLANG_WARN_ENUM_CONVERSION = YES;
				CLANG_WARN_INFINITE_RECURSION = YES;
				CLANG_WARN_INT_CONVERSION = YES;
				CLANG_WARN_NON_LITERAL_NULL_CONVERSION = YES;
				CLANG_WARN_OBJC_IMPLICIT_RETAIN_SELF = YES;
				CLANG_WARN_OBJC_LITERAL_CONVERSION = YES;
				CLANG_WARN_OBJC_ROOT_CLASS = YES_ERROR;
				CLANG_WARN_QUOTED_INCLUDE_IN_FRAMEWORK_HEADER = YES;
				CLANG_WARN_RANGE_LOOP_ANALYSIS = YES;
				CLANG_WARN_STRICT_PROTOTYPES = YES;
				CLANG_WARN_SUSPICIOUS_MOVE = YES;
				CLANG_WARN_UNGUARDED_AVAILABILITY = YES_AGGRESSIVE;
				CLANG_WARN_UNREACHABLE_CODE = YES;
				CLANG_WARN__DUPLICATE_METHOD_MATCH = YES;
				COPY_PHASE_STRIP = NO;
				DEBUG_INFORMATION_FORMAT = dwarf;
				ENABLE_STRICT_OBJC_MSGSEND = YES;
				ENABLE_TESTABILITY = YES;
				GCC_C_LANGUAGE_STANDARD = gnu11;
				GCC_DYNAMIC_NO_PIC = NO;
				GCC_NO_COMMON_BLOCKS = YES;
				GCC_OPTIMIZATION_LEVEL = 0;
				GCC_PREPROCESSOR_DEFINITIONS = (
					"DEBUG=1",
					"$(inherited)",
				);
				GCC_WARN_64_TO_32_BIT_CONVERSION = YES;
				GCC_WARN_ABOUT_RETURN_TYPE = YES_ERROR;
				GCC_WARN_UNDECLARED_SELECTOR = YES;
				GCC_WARN_UNINITIALIZED_AUTOS = YES_AGGRESSIVE;
				GCC_WARN_UNUSED_FUNCTION = YES;
				GCC_WARN_UNUSED_VARIABLE = YES;
				IPHONEOS_DEPLOYMENT_TARGET = 16.2;
				MTL_ENABLE_DEBUG_INFO = INCLUDE_SOURCE;
				MTL_FAST_MATH = YES;
				ONLY_ACTIVE_ARCH = YES;
				SDKROOT = iphoneos;
				SWIFT_ACTIVE_COMPILATION_CONDITIONS = DEBUG;
				SWIFT_OPTIMIZATION_LEVEL = "-Onone";
			};
			name = Debug;
		};
		66A7AB1929C6F6F6001CA27B /* Release */ = {
			isa = XCBuildConfiguration;
			buildSettings = {
				ALWAYS_SEARCH_USER_PATHS = NO;
				CLANG_ANALYZER_NONNULL = YES;
				CLANG_ANALYZER_NUMBER_OBJECT_CONVERSION = YES_AGGRESSIVE;
				CLANG_CXX_LANGUAGE_STANDARD = "gnu++20";
				CLANG_ENABLE_MODULES = YES;
				CLANG_ENABLE_OBJC_ARC = YES;
				CLANG_ENABLE_OBJC_WEAK = YES;
				CLANG_WARN_BLOCK_CAPTURE_AUTORELEASING = YES;
				CLANG_WARN_BOOL_CONVERSION = YES;
				CLANG_WARN_COMMA = YES;
				CLANG_WARN_CONSTANT_CONVERSION = YES;
				CLANG_WARN_DEPRECATED_OBJC_IMPLEMENTATIONS = YES;
				CLANG_WARN_DIRECT_OBJC_ISA_USAGE = YES_ERROR;
				CLANG_WARN_DOCUMENTATION_COMMENTS = YES;
				CLANG_WARN_EMPTY_BODY = YES;
				CLANG_WARN_ENUM_CONVERSION = YES;
				CLANG_WARN_INFINITE_RECURSION = YES;
				CLANG_WARN_INT_CONVERSION = YES;
				CLANG_WARN_NON_LITERAL_NULL_CONVERSION = YES;
				CLANG_WARN_OBJC_IMPLICIT_RETAIN_SELF = YES;
				CLANG_WARN_OBJC_LITERAL_CONVERSION = YES;
				CLANG_WARN_OBJC_ROOT_CLASS = YES_ERROR;
				CLANG_WARN_QUOTED_INCLUDE_IN_FRAMEWORK_HEADER = YES;
				CLANG_WARN_RANGE_LOOP_ANALYSIS = YES;
				CLANG_WARN_STRICT_PROTOTYPES = YES;
				CLANG_WARN_SUSPICIOUS_MOVE = YES;
				CLANG_WARN_UNGUARDED_AVAILABILITY = YES_AGGRESSIVE;
				CLANG_WARN_UNREACHABLE_CODE = YES;
				CLANG_WARN__DUPLICATE_METHOD_MATCH = YES;
				COPY_PHASE_STRIP = NO;
				DEBUG_INFORMATION_FORMAT = "dwarf-with-dsym";
				ENABLE_NS_ASSERTIONS = NO;
				ENABLE_STRICT_OBJC_MSGSEND = YES;
				GCC_C_LANGUAGE_STANDARD = gnu11;
				GCC_NO_COMMON_BLOCKS = YES;
				GCC_WARN_64_TO_32_BIT_CONVERSION = YES;
				GCC_WARN_ABOUT_RETURN_TYPE = YES_ERROR;
				GCC_WARN_UNDECLARED_SELECTOR = YES;
				GCC_WARN_UNINITIALIZED_AUTOS = YES_AGGRESSIVE;
				GCC_WARN_UNUSED_FUNCTION = YES;
				GCC_WARN_UNUSED_VARIABLE = YES;
				IPHONEOS_DEPLOYMENT_TARGET = 16.2;
				MTL_ENABLE_DEBUG_INFO = NO;
				MTL_FAST_MATH = YES;
				SDKROOT = iphoneos;
				SWIFT_COMPILATION_MODE = wholemodule;
				SWIFT_OPTIMIZATION_LEVEL = "-O";
				VALIDATE_PRODUCT = YES;
			};
			name = Release;
		};
		66A7AB1B29C6F6F6001CA27B /* Debug */ = {
			isa = XCBuildConfiguration;
			buildSettings = {
				ASSETCATALOG_COMPILER_APPICON_NAME = AppIcon;
				ASSETCATALOG_COMPILER_GLOBAL_ACCENT_COLOR_NAME = AccentColor;
				CODE_SIGN_STYLE = Automatic;
				CURRENT_PROJECT_VERSION = 1;
				DEVELOPMENT_TEAM = Q934YS22W7;
				GENERATE_INFOPLIST_FILE = YES;
				INFOPLIST_FILE = Appstore/Info.plist;
				INFOPLIST_KEY_UIApplicationSupportsIndirectInputEvents = YES;
				INFOPLIST_KEY_UILaunchStoryboardName = LaunchScreen;
				INFOPLIST_KEY_UIMainStoryboardFile = Main;
				INFOPLIST_KEY_UISupportedInterfaceOrientations_iPad = "UIInterfaceOrientationPortrait UIInterfaceOrientationPortraitUpsideDown UIInterfaceOrientationLandscapeLeft UIInterfaceOrientationLandscapeRight";
				INFOPLIST_KEY_UISupportedInterfaceOrientations_iPhone = "UIInterfaceOrientationPortrait UIInterfaceOrientationLandscapeLeft UIInterfaceOrientationLandscapeRight";
				IPHONEOS_DEPLOYMENT_TARGET = 13.0;
				LD_RUNPATH_SEARCH_PATHS = (
					"$(inherited)",
					"@executable_path/Frameworks",
				);
				MARKETING_VERSION = 1.0;
				PRODUCT_BUNDLE_IDENTIFIER = injun.Appstore;
				PRODUCT_NAME = "$(TARGET_NAME)";
				SWIFT_EMIT_LOC_STRINGS = YES;
				SWIFT_VERSION = 5.0;
				TARGETED_DEVICE_FAMILY = "1,2";
			};
			name = Debug;
		};
		66A7AB1C29C6F6F6001CA27B /* Release */ = {
			isa = XCBuildConfiguration;
			buildSettings = {
				ASSETCATALOG_COMPILER_APPICON_NAME = AppIcon;
				ASSETCATALOG_COMPILER_GLOBAL_ACCENT_COLOR_NAME = AccentColor;
				CODE_SIGN_STYLE = Automatic;
				CURRENT_PROJECT_VERSION = 1;
				DEVELOPMENT_TEAM = Q934YS22W7;
				GENERATE_INFOPLIST_FILE = YES;
				INFOPLIST_FILE = Appstore/Info.plist;
				INFOPLIST_KEY_UIApplicationSupportsIndirectInputEvents = YES;
				INFOPLIST_KEY_UILaunchStoryboardName = LaunchScreen;
				INFOPLIST_KEY_UIMainStoryboardFile = Main;
				INFOPLIST_KEY_UISupportedInterfaceOrientations_iPad = "UIInterfaceOrientationPortrait UIInterfaceOrientationPortraitUpsideDown UIInterfaceOrientationLandscapeLeft UIInterfaceOrientationLandscapeRight";
				INFOPLIST_KEY_UISupportedInterfaceOrientations_iPhone = "UIInterfaceOrientationPortrait UIInterfaceOrientationLandscapeLeft UIInterfaceOrientationLandscapeRight";
				IPHONEOS_DEPLOYMENT_TARGET = 13.0;
				LD_RUNPATH_SEARCH_PATHS = (
					"$(inherited)",
					"@executable_path/Frameworks",
				);
				MARKETING_VERSION = 1.0;
				PRODUCT_BUNDLE_IDENTIFIER = injun.Appstore;
				PRODUCT_NAME = "$(TARGET_NAME)";
				SWIFT_EMIT_LOC_STRINGS = YES;
				SWIFT_VERSION = 5.0;
				TARGETED_DEVICE_FAMILY = "1,2";
			};
			name = Release;
		};
		66A7AB1E29C6F6F6001CA27B /* Debug */ = {
			isa = XCBuildConfiguration;
			buildSettings = {
				ALWAYS_EMBED_SWIFT_STANDARD_LIBRARIES = YES;
				BUNDLE_LOADER = "$(TEST_HOST)";
				CODE_SIGN_STYLE = Automatic;
				CURRENT_PROJECT_VERSION = 1;
				DEVELOPMENT_TEAM = Q934YS22W7;
				GENERATE_INFOPLIST_FILE = YES;
				IPHONEOS_DEPLOYMENT_TARGET = 16.2;
				MARKETING_VERSION = 1.0;
				PRODUCT_BUNDLE_IDENTIFIER = injun.AppstoreTests;
				PRODUCT_NAME = "$(TARGET_NAME)";
				SWIFT_EMIT_LOC_STRINGS = NO;
				SWIFT_VERSION = 5.0;
				TARGETED_DEVICE_FAMILY = "1,2";
				TEST_HOST = "$(BUILT_PRODUCTS_DIR)/Appstore.app/$(BUNDLE_EXECUTABLE_FOLDER_PATH)/Appstore";
			};
			name = Debug;
		};
		66A7AB1F29C6F6F6001CA27B /* Release */ = {
			isa = XCBuildConfiguration;
			buildSettings = {
				ALWAYS_EMBED_SWIFT_STANDARD_LIBRARIES = YES;
				BUNDLE_LOADER = "$(TEST_HOST)";
				CODE_SIGN_STYLE = Automatic;
				CURRENT_PROJECT_VERSION = 1;
				DEVELOPMENT_TEAM = Q934YS22W7;
				GENERATE_INFOPLIST_FILE = YES;
				IPHONEOS_DEPLOYMENT_TARGET = 16.2;
				MARKETING_VERSION = 1.0;
				PRODUCT_BUNDLE_IDENTIFIER = injun.AppstoreTests;
				PRODUCT_NAME = "$(TARGET_NAME)";
				SWIFT_EMIT_LOC_STRINGS = NO;
				SWIFT_VERSION = 5.0;
				TARGETED_DEVICE_FAMILY = "1,2";
				TEST_HOST = "$(BUILT_PRODUCTS_DIR)/Appstore.app/$(BUNDLE_EXECUTABLE_FOLDER_PATH)/Appstore";
			};
			name = Release;
		};
		66A7AB2129C6F6F6001CA27B /* Debug */ = {
			isa = XCBuildConfiguration;
			buildSettings = {
				ALWAYS_EMBED_SWIFT_STANDARD_LIBRARIES = YES;
				CODE_SIGN_STYLE = Automatic;
				CURRENT_PROJECT_VERSION = 1;
				DEVELOPMENT_TEAM = Q934YS22W7;
				GENERATE_INFOPLIST_FILE = YES;
				MARKETING_VERSION = 1.0;
				PRODUCT_BUNDLE_IDENTIFIER = injun.AppstoreUITests;
				PRODUCT_NAME = "$(TARGET_NAME)";
				SWIFT_EMIT_LOC_STRINGS = NO;
				SWIFT_VERSION = 5.0;
				TARGETED_DEVICE_FAMILY = "1,2";
				TEST_TARGET_NAME = Appstore;
			};
			name = Debug;
		};
		66A7AB2229C6F6F6001CA27B /* Release */ = {
			isa = XCBuildConfiguration;
			buildSettings = {
				ALWAYS_EMBED_SWIFT_STANDARD_LIBRARIES = YES;
				CODE_SIGN_STYLE = Automatic;
				CURRENT_PROJECT_VERSION = 1;
				DEVELOPMENT_TEAM = Q934YS22W7;
				GENERATE_INFOPLIST_FILE = YES;
				MARKETING_VERSION = 1.0;
				PRODUCT_BUNDLE_IDENTIFIER = injun.AppstoreUITests;
				PRODUCT_NAME = "$(TARGET_NAME)";
				SWIFT_EMIT_LOC_STRINGS = NO;
				SWIFT_VERSION = 5.0;
				TARGETED_DEVICE_FAMILY = "1,2";
				TEST_TARGET_NAME = Appstore;
			};
			name = Release;
		};
/* End XCBuildConfiguration section */

/* Begin XCConfigurationList section */
		66A7AAEB29C6F6EE001CA27B /* Build configuration list for PBXProject "Appstore" */ = {
			isa = XCConfigurationList;
			buildConfigurations = (
				66A7AB1829C6F6F6001CA27B /* Debug */,
				66A7AB1929C6F6F6001CA27B /* Release */,
			);
			defaultConfigurationIsVisible = 0;
			defaultConfigurationName = Release;
		};
		66A7AB1A29C6F6F6001CA27B /* Build configuration list for PBXNativeTarget "Appstore" */ = {
			isa = XCConfigurationList;
			buildConfigurations = (
				66A7AB1B29C6F6F6001CA27B /* Debug */,
				66A7AB1C29C6F6F6001CA27B /* Release */,
			);
			defaultConfigurationIsVisible = 0;
			defaultConfigurationName = Release;
		};
		66A7AB1D29C6F6F6001CA27B /* Build configuration list for PBXNativeTarget "AppstoreTests" */ = {
			isa = XCConfigurationList;
			buildConfigurations = (
				66A7AB1E29C6F6F6001CA27B /* Debug */,
				66A7AB1F29C6F6F6001CA27B /* Release */,
			);
			defaultConfigurationIsVisible = 0;
			defaultConfigurationName = Release;
		};
		66A7AB2029C6F6F6001CA27B /* Build configuration list for PBXNativeTarget "AppstoreUITests" */ = {
			isa = XCConfigurationList;
			buildConfigurations = (
				66A7AB2129C6F6F6001CA27B /* Debug */,
				66A7AB2229C6F6F6001CA27B /* Release */,
			);
			defaultConfigurationIsVisible = 0;
			defaultConfigurationName = Release;
		};
/* End XCConfigurationList section */

/* Begin XCRemoteSwiftPackageReference section */
		66A7AB2829C6F999001CA27B /* XCRemoteSwiftPackageReference "SnapKit" */ = {
			isa = XCRemoteSwiftPackageReference;
			repositoryURL = "https://github.com/SnapKit/SnapKit";
			requirement = {
				kind = upToNextMajorVersion;
				minimumVersion = 5.6.0;
			};
		};
		66A7AB5D29C73B81001CA27B /* XCRemoteSwiftPackageReference "RxSwift" */ = {
			isa = XCRemoteSwiftPackageReference;
			repositoryURL = "https://github.com/ReactiveX/RxSwift";
			requirement = {
				kind = upToNextMajorVersion;
				minimumVersion = 6.5.0;
			};
		};
/* End XCRemoteSwiftPackageReference section */

/* Begin XCSwiftPackageProductDependency section */
		66A7AB2929C6F999001CA27B /* SnapKit */ = {
			isa = XCSwiftPackageProductDependency;
			package = 66A7AB2829C6F999001CA27B /* XCRemoteSwiftPackageReference "SnapKit" */;
			productName = SnapKit;
		};
		66A7AB5E29C73B81001CA27B /* RxBlocking */ = {
			isa = XCSwiftPackageProductDependency;
			package = 66A7AB5D29C73B81001CA27B /* XCRemoteSwiftPackageReference "RxSwift" */;
			productName = RxBlocking;
		};
		66A7AB6029C73B81001CA27B /* RxCocoa */ = {
			isa = XCSwiftPackageProductDependency;
			package = 66A7AB5D29C73B81001CA27B /* XCRemoteSwiftPackageReference "RxSwift" */;
			productName = RxCocoa;
		};
		66A7AB6229C73B81001CA27B /* RxRelay */ = {
			isa = XCSwiftPackageProductDependency;
			package = 66A7AB5D29C73B81001CA27B /* XCRemoteSwiftPackageReference "RxSwift" */;
			productName = RxRelay;
		};
		66A7AB6429C73B81001CA27B /* RxSwift */ = {
			isa = XCSwiftPackageProductDependency;
			package = 66A7AB5D29C73B81001CA27B /* XCRemoteSwiftPackageReference "RxSwift" */;
			productName = RxSwift;
		};
		66A7AB6629C73BB5001CA27B /* RxBlocking */ = {
			isa = XCSwiftPackageProductDependency;
			package = 66A7AB5D29C73B81001CA27B /* XCRemoteSwiftPackageReference "RxSwift" */;
			productName = RxBlocking;
		};
		66A7AB6829C73BC3001CA27B /* RxCocoa */ = {
			isa = XCSwiftPackageProductDependency;
			package = 66A7AB5D29C73B81001CA27B /* XCRemoteSwiftPackageReference "RxSwift" */;
			productName = RxCocoa;
		};
/* End XCSwiftPackageProductDependency section */
	};
	rootObject = 66A7AAE829C6F6EE001CA27B /* Project object */;
}
